// !$*UTF8*$!
{
	archiveVersion = 1;
	classes = {
	};
	objectVersion = 48;
	objects = {

/* Begin PBXBuildFile section */
		196B7E971F6FBB4B00E84162 /* users.xml in Resources */ = {isa = PBXBuildFile; fileRef = 19F021531F6FB98A00003E87 /* users.xml */; };
		196B7E9A1F6FBC9700E84162 /* ViewController2.m in Sources */ = {isa = PBXBuildFile; fileRef = 196B7E991F6FBC9700E84162 /* ViewController2.m */; };
		19EA5B281F6F998D001007B3 /* AppDelegate.m in Sources */ = {isa = PBXBuildFile; fileRef = 19EA5B271F6F998D001007B3 /* AppDelegate.m */; };
		19EA5B2B1F6F998D001007B3 /* ViewController.m in Sources */ = {isa = PBXBuildFile; fileRef = 19EA5B2A1F6F998D001007B3 /* ViewController.m */; };
		19EA5B2E1F6F998D001007B3 /* Main.storyboard in Resources */ = {isa = PBXBuildFile; fileRef = 19EA5B2C1F6F998D001007B3 /* Main.storyboard */; };
		19EA5B301F6F998D001007B3 /* Assets.xcassets in Resources */ = {isa = PBXBuildFile; fileRef = 19EA5B2F1F6F998D001007B3 /* Assets.xcassets */; };
		19EA5B331F6F998D001007B3 /* LaunchScreen.storyboard in Resources */ = {isa = PBXBuildFile; fileRef = 19EA5B311F6F998D001007B3 /* LaunchScreen.storyboard */; };
		19EA5B361F6F998D001007B3 /* main.m in Sources */ = {isa = PBXBuildFile; fileRef = 19EA5B351F6F998D001007B3 /* main.m */; };
/* End PBXBuildFile section */

/* Begin PBXFileReference section */
		196B7E981F6FBC9700E84162 /* ViewController2.h */ = {isa = PBXFileReference; lastKnownFileType = sourcecode.c.h; path = ViewController2.h; sourceTree = "<group>"; };
		196B7E991F6FBC9700E84162 /* ViewController2.m */ = {isa = PBXFileReference; lastKnownFileType = sourcecode.c.objc; path = ViewController2.m; sourceTree = "<group>"; };
		19EA5B231F6F998D001007B3 /* iOS_XML.app */ = {isa = PBXFileReference; explicitFileType = wrapper.application; includeInIndex = 0; path = iOS_XML.app; sourceTree = BUILT_PRODUCTS_DIR; };
		19EA5B261F6F998D001007B3 /* AppDelegate.h */ = {isa = PBXFileReference; lastKnownFileType = sourcecode.c.h; path = AppDelegate.h; sourceTree = "<group>"; };
		19EA5B271F6F998D001007B3 /* AppDelegate.m */ = {isa = PBXFileReference; lastKnownFileType = sourcecode.c.objc; path = AppDelegate.m; sourceTree = "<group>"; };
		19EA5B291F6F998D001007B3 /* ViewController.h */ = {isa = PBXFileReference; lastKnownFileType = sourcecode.c.h; path = ViewController.h; sourceTree = "<group>"; };
		19EA5B2A1F6F998D001007B3 /* ViewController.m */ = {isa = PBXFileReference; lastKnownFileType = sourcecode.c.objc; path = ViewController.m; sourceTree = "<group>"; };
		19EA5B2D1F6F998D001007B3 /* Base */ = {isa = PBXFileReference; lastKnownFileType = file.storyboard; name = Base; path = Base.lproj/Main.storyboard; sourceTree = "<group>"; };
		19EA5B2F1F6F998D001007B3 /* Assets.xcassets */ = {isa = PBXFileReference; lastKnownFileType = folder.assetcatalog; path = Assets.xcassets; sourceTree = "<group>"; };
		19EA5B321F6F998D001007B3 /* Base */ = {isa = PBXFileReference; lastKnownFileType = file.storyboard; name = Base; path = Base.lproj/LaunchScreen.storyboard; sourceTree = "<group>"; };
		19EA5B341F6F998D001007B3 /* Info.plist */ = {isa = PBXFileReference; lastKnownFileType = text.plist.xml; path = Info.plist; sourceTree = "<group>"; };
		19EA5B351F6F998D001007B3 /* main.m */ = {isa = PBXFileReference; lastKnownFileType = sourcecode.c.objc; path = main.m; sourceTree = "<group>"; };
		19F021531F6FB98A00003E87 /* users.xml */ = {isa = PBXFileReference; lastKnownFileType = text.xml; path = users.xml; sourceTree = "<group>"; };
/* End PBXFileReference section */

/* Begin PBXFrameworksBuildPhase section */
		19EA5B201F6F998D001007B3 /* Frameworks */ = {
			isa = PBXFrameworksBuildPhase;
			buildActionMask = 2147483647;
			files = (
			);
			runOnlyForDeploymentPostprocessing = 0;
		};
/* End PBXFrameworksBuildPhase section */

/* Begin PBXGroup section */
		19EA5B1A1F6F998C001007B3 = {
			isa = PBXGroup;
			children = (
				19EA5B251F6F998D001007B3 /* iOS_XML */,
				19EA5B241F6F998D001007B3 /* Products */,
			);
			sourceTree = "<group>";
		};
		19EA5B241F6F998D001007B3 /* Products */ = {
			isa = PBXGroup;
			children = (
				19EA5B231F6F998D001007B3 /* iOS_XML.app */,
			);
			name = Products;
			sourceTree = "<group>";
		};
		19EA5B251F6F998D001007B3 /* iOS_XML */ = {
			isa = PBXGroup;
			children = (
				19F021531F6FB98A00003E87 /* users.xml */,
				19EA5B261F6F998D001007B3 /* AppDelegate.h */,
				19EA5B271F6F998D001007B3 /* AppDelegate.m */,
				19EA5B291F6F998D001007B3 /* ViewController.h */,
				19EA5B2A1F6F998D001007B3 /* ViewController.m */,
				196B7E981F6FBC9700E84162 /* ViewController2.h */,
				196B7E991F6FBC9700E84162 /* ViewController2.m */,
				19EA5B2C1F6F998D001007B3 /* Main.storyboard */,
				19EA5B2F1F6F998D001007B3 /* Assets.xcassets */,
				19EA5B311F6F998D001007B3 /* LaunchScreen.storyboard */,
				19EA5B341F6F998D001007B3 /* Info.plist */,
				19EA5B351F6F998D001007B3 /* main.m */,
			);
			path = iOS_XML;
			sourceTree = "<group>";
		};
/* End PBXGroup section */

/* Begin PBXNativeTarget section */
		19EA5B221F6F998D001007B3 /* iOS_XML */ = {
			isa = PBXNativeTarget;
			buildConfigurationList = 19EA5B391F6F998D001007B3 /* Build configuration list for PBXNativeTarget "iOS_XML" */;
			buildPhases = (
				19EA5B1F1F6F998D001007B3 /* Sources */,
				19EA5B201F6F998D001007B3 /* Frameworks */,
				19EA5B211F6F998D001007B3 /* Resources */,
			);
			buildRules = (
			);
			dependencies = (
			);
			name = iOS_XML;
			productName = iOS_XML;
			productReference = 19EA5B231F6F998D001007B3 /* iOS_XML.app */;
			productType = "com.apple.product-type.application";
		};
/* End PBXNativeTarget section */

/* Begin PBXProject section */
		19EA5B1B1F6F998C001007B3 /* Project object */ = {
			isa = PBXProject;
			attributes = {
				LastUpgradeCheck = 0900;
				ORGANIZATIONNAME = "Herbert Hu";
				TargetAttributes = {
					19EA5B221F6F998D001007B3 = {
						CreatedOnToolsVersion = 9.0;
						ProvisioningStyle = Automatic;
					};
				};
			};
			buildConfigurationList = 19EA5B1E1F6F998C001007B3 /* Build configuration list for PBXProject "iOS_XML" */;
			compatibilityVersion = "Xcode 8.0";
			developmentRegion = en;
			hasScannedForEncodings = 0;
			knownRegions = (
				en,
				Base,
			);
			mainGroup = 19EA5B1A1F6F998C001007B3;
			productRefGroup = 19EA5B241F6F998D001007B3 /* Products */;
			projectDirPath = "";
			projectRoot = "";
			targets = (
				19EA5B221F6F998D001007B3 /* iOS_XML */,
			);
		};
/* End PBXProject section */

/* Begin PBXResourcesBuildPhase section */
		19EA5B211F6F998D001007B3 /* Resources */ = {
			isa = PBXResourcesBuildPhase;
			buildActionMask = 2147483647;
			files = (
				19EA5B331F6F998D001007B3 /* LaunchScreen.storyboard in Resources */,
				19EA5B301F6F998D001007B3 /* Assets.xcassets in Resources */,
				196B7E971F6FBB4B00E84162 /* users.xml in Resources */,
				19EA5B2E1F6F998D001007B3 /* Main.storyboard in Resources */,
			);
			runOnlyForDeploymentPostprocessing = 0;
		};
/* End PBXResourcesBuildPhase section */

/* Begin PBXSourcesBuildPhase section */
		19EA5B1F1F6F998D001007B3 /* Sources */ = {
			isa = PBXSourcesBuildPhase;
			buildActionMask = 2147483647;
			files = (
				19EA5B2B1F6F998D001007B3 /* ViewController.m in Sources */,
				196B7E9A1F6FBC9700E84162 /* ViewController2.m in Sources */,
				19EA5B361F6F998D001007B3 /* main.m in Sources */,
				19EA5B281F6F998D001007B3 /* AppDelegate.m in Sources */,
			);
			runOnlyForDeploymentPostprocessing = 0;
		};
/* End PBXSourcesBuildPhase section */

/* Begin PBXVariantGroup section */
		19EA5B2C1F6F998D001007B3 /* Main.storyboard */ = {
			isa = PBXVariantGroup;
			children = (
				19EA5B2D1F6F998D001007B3 /* Base */,
			);
			name = Main.storyboard;
			sourceTree = "<group>";
		};
		19EA5B311F6F998D001007B3 /* LaunchScreen.storyboard */ = {
			isa = PBXVariantGroup;
			children = (
				19EA5B321F6F998D001007B3 /* Base */,
			);
			name = LaunchScreen.storyboard;
			sourceTree = "<group>";
		};
/* End PBXVariantGroup section */

/* Begin XCBuildConfiguration section */
		19EA5B371F6F998D001007B3 /* Debug */ = {
			isa = XCBuildConfiguration;
			buildSettings = {
				ALWAYS_SEARCH_USER_PATHS = NO;
				CLANG_ANALYZER_NONNULL = YES;
				CLANG_ANALYZER_NUMBER_OBJECT_CONVERSION = YES_AGGRESSIVE;
				CLANG_CXX_LANGUAGE_STANDARD = "gnu++14";
				CLANG_CXX_LIBRARY = "libc++";
				CLANG_ENABLE_MODULES = YES;
				CLANG_ENABLE_OBJC_ARC = YES;
				CLANG_WARN_BLOCK_CAPTURE_AUTORELEASING = YES;
				CLANG_WARN_BOOL_CONVERSION = YES;
				CLANG_WARN_COMMA = YES;
				CLANG_WARN_CONSTANT_CONVERSION = YES;
				CLANG_WARN_DIRECT_OBJC_ISA_USAGE = YES_ERROR;
				CLANG_WARN_DOCUMENTATION_COMMENTS = YES;
				CLANG_WARN_EMPTY_BODY = YES;
				CLANG_WARN_ENUM_CONVERSION = YES;
				CLANG_WARN_INFINITE_RECURSION = YES;
				CLANG_WARN_INT_CONVERSION = YES;
				CLANG_WARN_NON_LITERAL_NULL_CONVERSION = YES;
				CLANG_WARN_OBJC_LITERAL_CONVERSION = YES;
				CLANG_WARN_OBJC_ROOT_CLASS = YES_ERROR;
				CLANG_WARN_RANGE_LOOP_ANALYSIS = YES;
				CLANG_WARN_STRICT_PROTOTYPES = YES;
				CLANG_WARN_SUSPICIOUS_MOVE = YES;
				CLANG_WARN_UNGUARDED_AVAILABILITY = YES_AGGRESSIVE;
				CLANG_WARN_UNREACHABLE_CODE = YES;
				CLANG_WARN__DUPLICATE_METHOD_MATCH = YES;
				CODE_SIGN_IDENTITY = "iPhone Developer";
				COPY_PHASE_STRIP = NO;
				DEBUG_INFORMATION_FORMAT = dwarf;
				ENABLE_STRICT_OBJC_MSGSEND = YES;
				ENABLE_TESTABILITY = YES;
				GCC_C_LANGUAGE_STANDARD = gnu11;
				GCC_DYNAMIC_NO_PIC = NO;
				GCC_NO_COMMON_BLOCKS = YES;
				GCC_OPTIMIZATION_LEVEL = 0;
				GCC_PREPROCESSOR_DEFINITIONS = (
					"DEBUG=1",
					"$(inherited)",
				);
				GCC_WARN_64_TO_32_BIT_CONVERSION = YES;
				GCC_WARN_ABOUT_RETURN_TYPE = YES_ERROR;
				GCC_WARN_UNDECLARED_SELECTOR = YES;
				GCC_WARN_UNINITIALIZED_AUTOS = YES_AGGRESSIVE;
				GCC_WARN_UNUSED_FUNCTION = YES;
				GCC_WARN_UNUSED_VARIABLE = YES;
				IPHONEOS_DEPLOYMENT_TARGET = 11.0;
				MTL_ENABLE_DEBUG_INFO = YES;
				ONLY_ACTIVE_ARCH = YES;
				SDKROOT = iphoneos;
			};
			name = Debug;
		};
		19EA5B381F6F998D001007B3 /* Release */ = {
			isa = XCBuildConfiguration;
			buildSettings = {
				ALWAYS_SEARCH_USER_PATHS = NO;
				CLANG_ANALYZER_NONNULL = YES;
				CLANG_ANALYZER_NUMBER_OBJECT_CONVERSION = YES_AGGRESSIVE;
				CLANG_CXX_LANGUAGE_STANDARD = "gnu++14";
				CLANG_CXX_LIBRARY = "libc++";
				CLANG_ENABLE_MODULES = YES;
				CLANG_ENABLE_OBJC_ARC = YES;
				CLANG_WARN_BLOCK_CAPTURE_AUTORELEASING = YES;
				CLANG_WARN_BOOL_CONVERSION = YES;
				CLANG_WARN_COMMA = YES;
				CLANG_WARN_CONSTANT_CONVERSION = YES;
				CLANG_WARN_DIRECT_OBJC_ISA_USAGE = YES_ERROR;
				CLANG_WARN_DOCUMENTATION_COMMENTS = YES;
				CLANG_WARN_EMPTY_BODY = YES;
				CLANG_WARN_ENUM_CONVERSION = YES;
				CLANG_WARN_INFINITE_RECURSION = YES;
				CLANG_WARN_INT_CONVERSION = YES;
				CLANG_WARN_NON_LITERAL_NULL_CONVERSION = YES;
				CLANG_WARN_OBJC_LITERAL_CONVERSION = YES;
				CLANG_WARN_OBJC_ROOT_CLASS = YES_ERROR;
				CLANG_WARN_RANGE_LOOP_ANALYSIS = YES;
				CLANG_WARN_STRICT_PROTOTYPES = YES;
				CLANG_WARN_SUSPICIOUS_MOVE = YES;
				CLANG_WARN_UNGUARDED_AVAILABILITY = YES_AGGRESSIVE;
				CLANG_WARN_UNREACHABLE_CODE = YES;
				CLANG_WARN__DUPLICATE_METHOD_MATCH = YES;
				CODE_SIGN_IDENTITY = "iPhone Developer";
				COPY_PHASE_STRIP = NO;
				DEBUG_INFORMATION_FORMAT = "dwarf-with-dsym";
				ENABLE_NS_ASSERTIONS = NO;
				ENABLE_STRICT_OBJC_MSGSEND = YES;
				GCC_C_LANGUAGE_STANDARD = gnu11;
				GCC_NO_COMMON_BLOCKS = YES;
				GCC_WARN_64_TO_32_BIT_CONVERSION = YES;
				GCC_WARN_ABOUT_RETURN_TYPE = YES_ERROR;
				GCC_WARN_UNDECLARED_SELECTOR = YES;
				GCC_WARN_UNINITIALIZED_AUTOS = YES_AGGRESSIVE;
				GCC_WARN_UNUSED_FUNCTION = YES;
				GCC_WARN_UNUSED_VARIABLE = YES;
				IPHONEOS_DEPLOYMENT_TARGET = 11.0;
				MTL_ENABLE_DEBUG_INFO = NO;
				SDKROOT = iphoneos;
				VALIDATE_PRODUCT = YES;
			};
			name = Release;
		};
		19EA5B3A1F6F998D001007B3 /* Debug */ = {
			isa = XCBuildConfiguration;
			buildSettings = {
				ASSETCATALOG_COMPILER_APPICON_NAME = AppIcon;
				CODE_SIGN_STYLE = Automatic;
				INFOPLIST_FILE = iOS_XML/Info.plist;
				LD_RUNPATH_SEARCH_PATHS = "$(inherited) @executable_path/Frameworks";
				PRODUCT_BUNDLE_IDENTIFIER = "NewThread.iOS-XML";
				PRODUCT_NAME = "$(TARGET_NAME)";
				TARGETED_DEVICE_FAMILY = "1,2";
			};
			name = Debug;
		};
		19EA5B3B1F6F998D001007B3 /* Release */ = {
			isa = XCBuildConfiguration;
			buildSettings = {
				ASSETCATALOG_COMPILER_APPICON_NAME = AppIcon;
				CODE_SIGN_STYLE = Automatic;
				INFOPLIST_FILE = iOS_XML/Info.plist;
				LD_RUNPATH_SEARCH_PATHS = "$(inherited) @executable_path/Frameworks";
				PRODUCT_BUNDLE_IDENTIFIER = "NewThread.iOS-XML";
				PRODUCT_NAME = "$(TARGET_NAME)";
				TARGETED_DEVICE_FAMILY = "1,2";
			};
			name = Release;
		};
/* End XCBuildConfiguration section */

/* Begin XCConfigurationList section */
		19EA5B1E1F6F998C001007B3 /* Build configuration list for PBXProject "iOS_XML" */ = {
			isa = XCConfigurationList;
			buildConfigurations = (
				19EA5B371F6F998D001007B3 /* Debug */,
				19EA5B381F6F998D001007B3 /* Release */,
			);
			defaultConfigurationIsVisible = 0;
			defaultConfigurationName = Release;
		};
		19EA5B391F6F998D001007B3 /* Build configuration list for PBXNativeTarget "iOS_XML" */ = {
			isa = XCConfigurationList;
			buildConfigurations = (
				19EA5B3A1F6F998D001007B3 /* Debug */,
				19EA5B3B1F6F998D001007B3 /* Release */,
			);
			defaultConfigurationIsVisible = 0;
			defaultConfigurationName = Release;
		};
/* End XCConfigurationList section */
	};
	rootObject = 19EA5B1B1F6F998C001007B3 /* Project object */;
}
